
Microsoft Visual Studio Solution File, Format Version 12.00
# Visual Studio Version 16
VisualStudioVersion = 16.0.30804.86
MinimumVisualStudioVersion = 10.0.40219.1
Project("{FAE04EC0-301F-11D3-BF4B-00C04F79EFBC}") = "Common", "Common.csproj", "{934E8D1C-B9BA-4235-B9CB-12FC159001C7}"
EndProject
Global
	GlobalSection(SolutionConfigurationPlatforms) = preSolution
		Debug|Any CPU = Debug|Any CPU
		Release|Any CPU = Release|Any CPU
	EndGlobalSection
	GlobalSection(ProjectConfigurationPlatforms) = postSolution
		{934E8D1C-B9BA-4235-B9CB-12FC159001C7}.Debug|Any CPU.ActiveCfg = Debug|Any CPU
		{934E8D1C-B9BA-4235-B9CB-12FC159001C7}.Debug|Any CPU.Build.0 = Debug|Any CPU
		{934E8D1C-B9BA-4235-B9CB-12FC159001C7}.Release|Any CPU.ActiveCfg = Release|Any CPU
		{934E8D1C-B9BA-4235-B9CB-12FC159001C7}.Release|Any CPU.Build.0 = Release|Any CPU
	EndGlobalSection
	GlobalSection(SolutionProperties) = preSolution
		HideSolutionNode = FALSE
	EndGlobalSection
	GlobalSection(ExtensibilityGlobals) = postSolution
		SolutionGuid = {3D67AA07-E6FB-4015-AF5A-1FB88574AF4C}
	EndGlobalSection
EndGlobal
